
Microsoft Visual Studio Solution File, Format Version 12.00
# Visual Studio Version 17
VisualStudioVersion = 17.14.36518.9
MinimumVisualStudioVersion = 10.0.40219.1
Project("{2150E333-8FDC-42A3-9474-1A3956D46DE8}") = "Task0", "Task0", "{02EA681E-C7D8-13C7-8484-4AC65E1B71E8}"
EndProject
Project("{FAE04EC0-301F-11D3-BF4B-00C04F79EFBC}") = "Tyuiu.SokolovaHS.Sprint3.Task0.V23", "Tyuiu.SokolovaHS.Sprint3.Task0.V23\Tyuiu.SokolovaHS.Sprint3.Task0.V23.csproj", "{D702A002-345D-444F-9947-E38B388749E4}"
EndProject
Project("{FAE04EC0-301F-11D3-BF4B-00C04F79EFBC}") = "Tyuiu.SokolovaHS.Sprint3.Task0.V23.Lib", "Tyuiu.SokolovaHS.Sprint3.Task0.V23.Lib\Tyuiu.SokolovaHS.Sprint3.Task0.V23.Lib.csproj", "{574154C1-9247-4864-800F-9D7F4D8DFAC8}"
EndProject
Project("{FAE04EC0-301F-11D3-BF4B-00C04F79EFBC}") = "Tyuiu.SokolovaHS.Sprint3.Task0.V23.Test", "Tyuiu.SokolovaHS.Sprint3.Task0.V23.Test\Tyuiu.SokolovaHS.Sprint3.Task0.V23.Test.csproj", "{93314B6B-6994-4742-A205-59D9DB1DAE73}"
EndProject
Project("{2150E333-8FDC-42A3-9474-1A3956D46DE8}") = "Task1", "Task1", "{76208F5D-3A7C-46CB-934C-4E3D3B213E12}"
EndProject
Project("{FAE04EC0-301F-11D3-BF4B-00C04F79EFBC}") = "Tyuiu.SokolovaHS.Sprint3.Task1.V2", "Tyuiu.SokolovaHS.Sprint3.Task1.V2\Tyuiu.SokolovaHS.Sprint3.Task1.V2.csproj", "{D94905A8-EFCD-4A56-8877-20F9676D70B2}"
EndProject
Project("{FAE04EC0-301F-11D3-BF4B-00C04F79EFBC}") = "Tyuiu.SokolovaHS.Sprint3.Task1.V2.Lib", "Tyuiu.SokolovaHS.Sprint3.Task1.V2.Lib\Tyuiu.SokolovaHS.Sprint3.Task1.V2.Lib.csproj", "{64227318-913D-4D6B-B1DA-AC7874C8154D}"
EndProject
Project("{FAE04EC0-301F-11D3-BF4B-00C04F79EFBC}") = "Tyuiu.SokolovaHS.Sprint3.Task1.V2.Test", "Tyuiu.SokolovaHS.Sprint3.Task1.V2.Test\Tyuiu.SokolovaHS.Sprint3.Task1.V2.Test.csproj", "{9AB15016-F5B8-4A1F-9D71-A54452BBE6D2}"
EndProject
Project("{2150E333-8FDC-42A3-9474-1A3956D46DE8}") = "Task2", "Task2", "{A1A29769-3C6B-4413-A9AE-83070B114DB5}"
EndProject
Project("{FAE04EC0-301F-11D3-BF4B-00C04F79EFBC}") = "Tyuiu.SokolovaHS.Sprint3.Task2.V14", "Tyuiu.SokolovaHS.Sprint3.Task2.V14\Tyuiu.SokolovaHS.Sprint3.Task2.V14.csproj", "{A2DC52F2-9ECA-43D2-B5DD-FE9760EDDA1C}"
EndProject
Project("{FAE04EC0-301F-11D3-BF4B-00C04F79EFBC}") = "Tyuiu.SokolovaHS.Sprint3.Task2.V14.Lib", "Tyuiu.SokolovaHS.Sprint3.Task2.V14.Lib\Tyuiu.SokolovaHS.Sprint3.Task2.V14.Lib.csproj", "{DC1AE7B4-04C9-485D-86B5-5032B127D2E9}"
EndProject
Project("{FAE04EC0-301F-11D3-BF4B-00C04F79EFBC}") = "Tyuiu.SokolovaHS.Sprint3.Task2.V14.Test", "Tyuiu.SokolovaHS.Sprint3.Task2.V14.Test\Tyuiu.SokolovaHS.Sprint3.Task2.V14.Test.csproj", "{06BC469D-5742-4310-A51F-9ABBFA24E930}"
EndProject
Project("{2150E333-8FDC-42A3-9474-1A3956D46DE8}") = "Task3", "Task3", "{F645BF7D-8CB0-4FC0-AB49-AD624A885781}"
EndProject
Project("{FAE04EC0-301F-11D3-BF4B-00C04F79EFBC}") = "Tyuiu.SokolovaHS.Sprint3.Task3.V27", "Tyuiu.SokolovaHS.Sprint3.Task3.V27\Tyuiu.SokolovaHS.Sprint3.Task3.V27.csproj", "{A2230246-BD66-470F-90DA-2D9EB09AE8B0}"
EndProject
Project("{FAE04EC0-301F-11D3-BF4B-00C04F79EFBC}") = "Tyuiu.SokolovaHS.Sprint3.Task3.V27.Lib", "Tyuiu.SokolovaHS.Sprint3.Task3.V27.Lib\Tyuiu.SokolovaHS.Sprint3.Task3.V27.Lib.csproj", "{A98244E2-7A96-4454-8A1B-95559F2EDE68}"
EndProject
Project("{FAE04EC0-301F-11D3-BF4B-00C04F79EFBC}") = "Tyuiu.SokolovaHS.Sprint3.Task3.V27.Test", "Tyuiu.SokolovaHS.Sprint3.Task3.V27.Test\Tyuiu.SokolovaHS.Sprint3.Task3.V27.Test.csproj", "{36F63298-835B-42EA-BD1F-5B7C015F1305}"
EndProject
Project("{2150E333-8FDC-42A3-9474-1A3956D46DE8}") = "Task4", "Task4", "{584DDEDF-1BBA-4852-A44F-E85A3B453EFD}"
EndProject
Project("{FAE04EC0-301F-11D3-BF4B-00C04F79EFBC}") = "Tyuiu.SokolovaHS.Sprint3.Task4.V13", "Tyuiu.SokolovaHS.Sprint3.Task4.V13\Tyuiu.SokolovaHS.Sprint3.Task4.V13.csproj", "{D619A1CE-6013-4BF8-9264-49386E174808}"
EndProject
Project("{FAE04EC0-301F-11D3-BF4B-00C04F79EFBC}") = "Tyuiu.SokolovaHS.Sprint3.Task4.V13.Lib", "Tyuiu.SokolovaHS.Sprint3.Task4.V13.Lib\Tyuiu.SokolovaHS.Sprint3.Task4.V13.Lib.csproj", "{A1BBD309-50D6-460F-A0C3-5AE8008A606A}"
EndProject
Project("{FAE04EC0-301F-11D3-BF4B-00C04F79EFBC}") = "Tyuiu.SokolovaHS.Sprint3.Task4.V13.Test", "Tyuiu.SokolovaHS.Sprint3.Task4.V13.Test\Tyuiu.SokolovaHS.Sprint3.Task4.V13.Test.csproj", "{8BD765DD-E490-4715-BC29-3312B4ED0A84}"
EndProject
Project("{2150E333-8FDC-42A3-9474-1A3956D46DE8}") = "Task5", "Task5", "{6CD2579F-E018-470C-80DD-8EAD0A15E436}"
EndProject
Project("{FAE04EC0-301F-11D3-BF4B-00C04F79EFBC}") = "Tyuiu.SokolovaHS.Sprint3.Task5.V1", "Tyuiu.SokolovaHS.Sprint3.Task5.V1\Tyuiu.SokolovaHS.Sprint3.Task5.V1.csproj", "{E670B980-BAA4-471C-BE71-1B4B0140F097}"
EndProject
Project("{FAE04EC0-301F-11D3-BF4B-00C04F79EFBC}") = "Tyuiu.SokolovaHS.Sprint3.Task5.V1.Lib", "Tyuiu.SokolovaHS.Sprint3.Task5.V1.Lib\Tyuiu.SokolovaHS.Sprint3.Task5.V1.Lib.csproj", "{DC1EE8F8-7CCD-452C-9961-48CBAACFC4A7}"
EndProject
Project("{FAE04EC0-301F-11D3-BF4B-00C04F79EFBC}") = "Tyuiu.SokolovaHS.Sprint3.Task5.V1.Test", "Tyuiu.SokolovaHS.Sprint3.Task5.V1.Test\Tyuiu.SokolovaHS.Sprint3.Task5.V1.Test.csproj", "{D1F363F6-C193-4249-A24E-1AB7453A3D4B}"
EndProject
Project("{2150E333-8FDC-42A3-9474-1A3956D46DE8}") = "Task6", "Task6", "{A7CF8641-1D33-4146-A79C-D781A89FE5B9}"
EndProject
Project("{FAE04EC0-301F-11D3-BF4B-00C04F79EFBC}") = "Tyuiu.SokolovaHS.Sprint3.Task6.V13", "Tyuiu.SokolovaHS.Sprint3.Task6.V13\Tyuiu.SokolovaHS.Sprint3.Task6.V13.csproj", "{F45D1136-048C-4D3A-941D-154896B69EBE}"
EndProject
Project("{FAE04EC0-301F-11D3-BF4B-00C04F79EFBC}") = "Tyuiu.SokolovaHS.Sprint3.Task6.V13.Lib", "Tyuiu.SokolovaHS.Sprint3.Task6.V13.Lib\Tyuiu.SokolovaHS.Sprint3.Task6.V13.Lib.csproj", "{4C687BC8-40C9-4F5F-9FA4-63FC8E34190E}"
EndProject
Project("{FAE04EC0-301F-11D3-BF4B-00C04F79EFBC}") = "Tyuiu.SokolovaHS.Sprint3.Task6.V13.Test", "Tyuiu.SokolovaHS.Sprint3.Task6.V13.Test\Tyuiu.SokolovaHS.Sprint3.Task6.V13.Test.csproj", "{2D5EC924-43CC-4839-8E51-8489985815E8}"
EndProject
Global
	GlobalSection(SolutionConfigurationPlatforms) = preSolution
		Debug|Any CPU = Debug|Any CPU
		Release|Any CPU = Release|Any CPU
	EndGlobalSection
	GlobalSection(ProjectConfigurationPlatforms) = postSolution
		{D702A002-345D-444F-9947-E38B388749E4}.Debug|Any CPU.ActiveCfg = Debug|Any CPU
		{D702A002-345D-444F-9947-E38B388749E4}.Debug|Any CPU.Build.0 = Debug|Any CPU
		{D702A002-345D-444F-9947-E38B388749E4}.Release|Any CPU.ActiveCfg = Release|Any CPU
		{D702A002-345D-444F-9947-E38B388749E4}.Release|Any CPU.Build.0 = Release|Any CPU
		{574154C1-9247-4864-800F-9D7F4D8DFAC8}.Debug|Any CPU.ActiveCfg = Debug|Any CPU
		{574154C1-9247-4864-800F-9D7F4D8DFAC8}.Debug|Any CPU.Build.0 = Debug|Any CPU
		{574154C1-9247-4864-800F-9D7F4D8DFAC8}.Release|Any CPU.ActiveCfg = Release|Any CPU
		{574154C1-9247-4864-800F-9D7F4D8DFAC8}.Release|Any CPU.Build.0 = Release|Any CPU
		{93314B6B-6994-4742-A205-59D9DB1DAE73}.Debug|Any CPU.ActiveCfg = Debug|Any CPU
		{93314B6B-6994-4742-A205-59D9DB1DAE73}.Debug|Any CPU.Build.0 = Debug|Any CPU
		{93314B6B-6994-4742-A205-59D9DB1DAE73}.Release|Any CPU.ActiveCfg = Release|Any CPU
		{93314B6B-6994-4742-A205-59D9DB1DAE73}.Release|Any CPU.Build.0 = Release|Any CPU
		{D94905A8-EFCD-4A56-8877-20F9676D70B2}.Debug|Any CPU.ActiveCfg = Debug|Any CPU
		{D94905A8-EFCD-4A56-8877-20F9676D70B2}.Debug|Any CPU.Build.0 = Debug|Any CPU
		{D94905A8-EFCD-4A56-8877-20F9676D70B2}.Release|Any CPU.ActiveCfg = Release|Any CPU
		{D94905A8-EFCD-4A56-8877-20F9676D70B2}.Release|Any CPU.Build.0 = Release|Any CPU
		{64227318-913D-4D6B-B1DA-AC7874C8154D}.Debug|Any CPU.ActiveCfg = Debug|Any CPU
		{64227318-913D-4D6B-B1DA-AC7874C8154D}.Debug|Any CPU.Build.0 = Debug|Any CPU
		{64227318-913D-4D6B-B1DA-AC7874C8154D}.Release|Any CPU.ActiveCfg = Release|Any CPU
		{64227318-913D-4D6B-B1DA-AC7874C8154D}.Release|Any CPU.Build.0 = Release|Any CPU
		{9AB15016-F5B8-4A1F-9D71-A54452BBE6D2}.Debug|Any CPU.ActiveCfg = Debug|Any CPU
		{9AB15016-F5B8-4A1F-9D71-A54452BBE6D2}.Debug|Any CPU.Build.0 = Debug|Any CPU
		{9AB15016-F5B8-4A1F-9D71-A54452BBE6D2}.Release|Any CPU.ActiveCfg = Release|Any CPU
		{9AB15016-F5B8-4A1F-9D71-A54452BBE6D2}.Release|Any CPU.Build.0 = Release|Any CPU
		{A2DC52F2-9ECA-43D2-B5DD-FE9760EDDA1C}.Debug|Any CPU.ActiveCfg = Debug|Any CPU
		{A2DC52F2-9ECA-43D2-B5DD-FE9760EDDA1C}.Debug|Any CPU.Build.0 = Debug|Any CPU
		{A2DC52F2-9ECA-43D2-B5DD-FE9760EDDA1C}.Release|Any CPU.ActiveCfg = Release|Any CPU
		{A2DC52F2-9ECA-43D2-B5DD-FE9760EDDA1C}.Release|Any CPU.Build.0 = Release|Any CPU
		{DC1AE7B4-04C9-485D-86B5-5032B127D2E9}.Debug|Any CPU.ActiveCfg = Debug|Any CPU
		{DC1AE7B4-04C9-485D-86B5-5032B127D2E9}.Debug|Any CPU.Build.0 = Debug|Any CPU
		{DC1AE7B4-04C9-485D-86B5-5032B127D2E9}.Release|Any CPU.ActiveCfg = Release|Any CPU
		{DC1AE7B4-04C9-485D-86B5-5032B127D2E9}.Release|Any CPU.Build.0 = Release|Any CPU
		{06BC469D-5742-4310-A51F-9ABBFA24E930}.Debug|Any CPU.ActiveCfg = Debug|Any CPU
		{06BC469D-5742-4310-A51F-9ABBFA24E930}.Debug|Any CPU.Build.0 = Debug|Any CPU
		{06BC469D-5742-4310-A51F-9ABBFA24E930}.Release|Any CPU.ActiveCfg = Release|Any CPU
		{06BC469D-5742-4310-A51F-9ABBFA24E930}.Release|Any CPU.Build.0 = Release|Any CPU
		{A2230246-BD66-470F-90DA-2D9EB09AE8B0}.Debug|Any CPU.ActiveCfg = Debug|Any CPU
		{A2230246-BD66-470F-90DA-2D9EB09AE8B0}.Debug|Any CPU.Build.0 = Debug|Any CPU
		{A2230246-BD66-470F-90DA-2D9EB09AE8B0}.Release|Any CPU.ActiveCfg = Release|Any CPU
		{A2230246-BD66-470F-90DA-2D9EB09AE8B0}.Release|Any CPU.Build.0 = Release|Any CPU
		{A98244E2-7A96-4454-8A1B-95559F2EDE68}.Debug|Any CPU.ActiveCfg = Debug|Any CPU
		{A98244E2-7A96-4454-8A1B-95559F2EDE68}.Debug|Any CPU.Build.0 = Debug|Any CPU
		{A98244E2-7A96-4454-8A1B-95559F2EDE68}.Release|Any CPU.ActiveCfg = Release|Any CPU
		{A98244E2-7A96-4454-8A1B-95559F2EDE68}.Release|Any CPU.Build.0 = Release|Any CPU
		{36F63298-835B-42EA-BD1F-5B7C015F1305}.Debug|Any CPU.ActiveCfg = Debug|Any CPU
		{36F63298-835B-42EA-BD1F-5B7C015F1305}.Debug|Any CPU.Build.0 = Debug|Any CPU
		{36F63298-835B-42EA-BD1F-5B7C015F1305}.Release|Any CPU.ActiveCfg = Release|Any CPU
		{36F63298-835B-42EA-BD1F-5B7C015F1305}.Release|Any CPU.Build.0 = Release|Any CPU
		{D619A1CE-6013-4BF8-9264-49386E174808}.Debug|Any CPU.ActiveCfg = Debug|Any CPU
		{D619A1CE-6013-4BF8-9264-49386E174808}.Debug|Any CPU.Build.0 = Debug|Any CPU
		{D619A1CE-6013-4BF8-9264-49386E174808}.Release|Any CPU.ActiveCfg = Release|Any CPU
		{D619A1CE-6013-4BF8-9264-49386E174808}.Release|Any CPU.Build.0 = Release|Any CPU
		{A1BBD309-50D6-460F-A0C3-5AE8008A606A}.Debug|Any CPU.ActiveCfg = Debug|Any CPU
		{A1BBD309-50D6-460F-A0C3-5AE8008A606A}.Debug|Any CPU.Build.0 = Debug|Any CPU
		{A1BBD309-50D6-460F-A0C3-5AE8008A606A}.Release|Any CPU.ActiveCfg = Release|Any CPU
		{A1BBD309-50D6-460F-A0C3-5AE8008A606A}.Release|Any CPU.Build.0 = Release|Any CPU
		{8BD765DD-E490-4715-BC29-3312B4ED0A84}.Debug|Any CPU.ActiveCfg = Debug|Any CPU
		{8BD765DD-E490-4715-BC29-3312B4ED0A84}.Debug|Any CPU.Build.0 = Debug|Any CPU
		{8BD765DD-E490-4715-BC29-3312B4ED0A84}.Release|Any CPU.ActiveCfg = Release|Any CPU
		{8BD765DD-E490-4715-BC29-3312B4ED0A84}.Release|Any CPU.Build.0 = Release|Any CPU
		{E670B980-BAA4-471C-BE71-1B4B0140F097}.Debug|Any CPU.ActiveCfg = Debug|Any CPU
		{E670B980-BAA4-471C-BE71-1B4B0140F097}.Debug|Any CPU.Build.0 = Debug|Any CPU
		{E670B980-BAA4-471C-BE71-1B4B0140F097}.Release|Any CPU.ActiveCfg = Release|Any CPU
		{E670B980-BAA4-471C-BE71-1B4B0140F097}.Release|Any CPU.Build.0 = Release|Any CPU
		{DC1EE8F8-7CCD-452C-9961-48CBAACFC4A7}.Debug|Any CPU.ActiveCfg = Debug|Any CPU
		{DC1EE8F8-7CCD-452C-9961-48CBAACFC4A7}.Debug|Any CPU.Build.0 = Debug|Any CPU
		{DC1EE8F8-7CCD-452C-9961-48CBAACFC4A7}.Release|Any CPU.ActiveCfg = Release|Any CPU
		{DC1EE8F8-7CCD-452C-9961-48CBAACFC4A7}.Release|Any CPU.Build.0 = Release|Any CPU
		{D1F363F6-C193-4249-A24E-1AB7453A3D4B}.Debug|Any CPU.ActiveCfg = Debug|Any CPU
		{D1F363F6-C193-4249-A24E-1AB7453A3D4B}.Debug|Any CPU.Build.0 = Debug|Any CPU
		{D1F363F6-C193-4249-A24E-1AB7453A3D4B}.Release|Any CPU.ActiveCfg = Release|Any CPU
		{D1F363F6-C193-4249-A24E-1AB7453A3D4B}.Release|Any CPU.Build.0 = Release|Any CPU
		{F45D1136-048C-4D3A-941D-154896B69EBE}.Debug|Any CPU.ActiveCfg = Debug|Any CPU
		{F45D1136-048C-4D3A-941D-154896B69EBE}.Debug|Any CPU.Build.0 = Debug|Any CPU
		{F45D1136-048C-4D3A-941D-154896B69EBE}.Release|Any CPU.ActiveCfg = Release|Any CPU
		{F45D1136-048C-4D3A-941D-154896B69EBE}.Release|Any CPU.Build.0 = Release|Any CPU
		{4C687BC8-40C9-4F5F-9FA4-63FC8E34190E}.Debug|Any CPU.ActiveCfg = Debug|Any CPU
		{4C687BC8-40C9-4F5F-9FA4-63FC8E34190E}.Debug|Any CPU.Build.0 = Debug|Any CPU
		{4C687BC8-40C9-4F5F-9FA4-63FC8E34190E}.Release|Any CPU.ActiveCfg = Release|Any CPU
		{4C687BC8-40C9-4F5F-9FA4-63FC8E34190E}.Release|Any CPU.Build.0 = Release|Any CPU
		{2D5EC924-43CC-4839-8E51-8489985815E8}.Debug|Any CPU.ActiveCfg = Debug|Any CPU
		{2D5EC924-43CC-4839-8E51-8489985815E8}.Debug|Any CPU.Build.0 = Debug|Any CPU
		{2D5EC924-43CC-4839-8E51-8489985815E8}.Release|Any CPU.ActiveCfg = Release|Any CPU
		{2D5EC924-43CC-4839-8E51-8489985815E8}.Release|Any CPU.Build.0 = Release|Any CPU
	EndGlobalSection
	GlobalSection(SolutionProperties) = preSolution
		HideSolutionNode = FALSE
	EndGlobalSection
	GlobalSection(NestedProjects) = preSolution
		{D702A002-345D-444F-9947-E38B388749E4} = {02EA681E-C7D8-13C7-8484-4AC65E1B71E8}
		{574154C1-9247-4864-800F-9D7F4D8DFAC8} = {02EA681E-C7D8-13C7-8484-4AC65E1B71E8}
		{93314B6B-6994-4742-A205-59D9DB1DAE73} = {02EA681E-C7D8-13C7-8484-4AC65E1B71E8}
		{D94905A8-EFCD-4A56-8877-20F9676D70B2} = {76208F5D-3A7C-46CB-934C-4E3D3B213E12}
		{64227318-913D-4D6B-B1DA-AC7874C8154D} = {76208F5D-3A7C-46CB-934C-4E3D3B213E12}
		{9AB15016-F5B8-4A1F-9D71-A54452BBE6D2} = {76208F5D-3A7C-46CB-934C-4E3D3B213E12}
		{A2DC52F2-9ECA-43D2-B5DD-FE9760EDDA1C} = {A1A29769-3C6B-4413-A9AE-83070B114DB5}
		{DC1AE7B4-04C9-485D-86B5-5032B127D2E9} = {A1A29769-3C6B-4413-A9AE-83070B114DB5}
		{06BC469D-5742-4310-A51F-9ABBFA24E930} = {A1A29769-3C6B-4413-A9AE-83070B114DB5}
		{A2230246-BD66-470F-90DA-2D9EB09AE8B0} = {F645BF7D-8CB0-4FC0-AB49-AD624A885781}
		{A98244E2-7A96-4454-8A1B-95559F2EDE68} = {F645BF7D-8CB0-4FC0-AB49-AD624A885781}
		{36F63298-835B-42EA-BD1F-5B7C015F1305} = {F645BF7D-8CB0-4FC0-AB49-AD624A885781}
		{D619A1CE-6013-4BF8-9264-49386E174808} = {584DDEDF-1BBA-4852-A44F-E85A3B453EFD}
		{A1BBD309-50D6-460F-A0C3-5AE8008A606A} = {584DDEDF-1BBA-4852-A44F-E85A3B453EFD}
		{8BD765DD-E490-4715-BC29-3312B4ED0A84} = {584DDEDF-1BBA-4852-A44F-E85A3B453EFD}
		{E670B980-BAA4-471C-BE71-1B4B0140F097} = {6CD2579F-E018-470C-80DD-8EAD0A15E436}
		{DC1EE8F8-7CCD-452C-9961-48CBAACFC4A7} = {6CD2579F-E018-470C-80DD-8EAD0A15E436}
		{D1F363F6-C193-4249-A24E-1AB7453A3D4B} = {6CD2579F-E018-470C-80DD-8EAD0A15E436}
		{F45D1136-048C-4D3A-941D-154896B69EBE} = {A7CF8641-1D33-4146-A79C-D781A89FE5B9}
		{4C687BC8-40C9-4F5F-9FA4-63FC8E34190E} = {A7CF8641-1D33-4146-A79C-D781A89FE5B9}
		{2D5EC924-43CC-4839-8E51-8489985815E8} = {A7CF8641-1D33-4146-A79C-D781A89FE5B9}
	EndGlobalSection
	GlobalSection(ExtensibilityGlobals) = postSolution
		SolutionGuid = {34120F83-328E-4DB3-94A7-7C6BECEB3AE5}
	EndGlobalSection
EndGlobal
